// !$*UTF8*$!
{
	archiveVersion = 1;
	classes = {
	};
	objectVersion = 55;
	objects = {

/* Begin PBXBuildFile section */
		CAE08A0127EDF07500FD80B9 /* AppDelegate.swift in Sources */ = {isa = PBXBuildFile; fileRef = CAE08A0027EDF07500FD80B9 /* AppDelegate.swift */; };
		CAE08A0327EDF07500FD80B9 /* SceneDelegate.swift in Sources */ = {isa = PBXBuildFile; fileRef = CAE08A0227EDF07500FD80B9 /* SceneDelegate.swift */; };
		CAE08A0527EDF07500FD80B9 /* ViewController.swift in Sources */ = {isa = PBXBuildFile; fileRef = CAE08A0427EDF07500FD80B9 /* ViewController.swift */; };
		CAE08A0827EDF07500FD80B9 /* Main.storyboard in Resources */ = {isa = PBXBuildFile; fileRef = CAE08A0627EDF07500FD80B9 /* Main.storyboard */; };
		CAE08A0A27EDF07800FD80B9 /* Assets.xcassets in Resources */ = {isa = PBXBuildFile; fileRef = CAE08A0927EDF07800FD80B9 /* Assets.xcassets */; };
		CAE08A0D27EDF07800FD80B9 /* LaunchScreen.storyboard in Resources */ = {isa = PBXBuildFile; fileRef = CAE08A0B27EDF07800FD80B9 /* LaunchScreen.storyboard */; };
		CAE08A3227EDF0F500FD80B9 /* tile09.png in Resources */ = {isa = PBXBuildFile; fileRef = CAE08A1527EDF0F500FD80B9 /* tile09.png */; };
		CAE08A3327EDF0F500FD80B9 /* tile08.png in Resources */ = {isa = PBXBuildFile; fileRef = CAE08A1627EDF0F500FD80B9 /* tile08.png */; };
		CAE08A3427EDF0F500FD80B9 /* tile016.png in Resources */ = {isa = PBXBuildFile; fileRef = CAE08A1727EDF0F500FD80B9 /* tile016.png */; };
		CAE08A3527EDF0F500FD80B9 /* tile017.png in Resources */ = {isa = PBXBuildFile; fileRef = CAE08A1827EDF0F500FD80B9 /* tile017.png */; };
		CAE08A3627EDF0F500FD80B9 /* tile015.png in Resources */ = {isa = PBXBuildFile; fileRef = CAE08A1927EDF0F500FD80B9 /* tile015.png */; };
		CAE08A3727EDF0F500FD80B9 /* tile014.png in Resources */ = {isa = PBXBuildFile; fileRef = CAE08A1A27EDF0F500FD80B9 /* tile014.png */; };
		CAE08A3827EDF0F500FD80B9 /* tile028.png in Resources */ = {isa = PBXBuildFile; fileRef = CAE08A1B27EDF0F500FD80B9 /* tile028.png */; };
		CAE08A3927EDF0F500FD80B9 /* tile010.png in Resources */ = {isa = PBXBuildFile; fileRef = CAE08A1C27EDF0F500FD80B9 /* tile010.png */; };
		CAE08A3A27EDF0F500FD80B9 /* tile011.png in Resources */ = {isa = PBXBuildFile; fileRef = CAE08A1D27EDF0F500FD80B9 /* tile011.png */; };
		CAE08A3B27EDF0F500FD80B9 /* tile013.png in Resources */ = {isa = PBXBuildFile; fileRef = CAE08A1E27EDF0F500FD80B9 /* tile013.png */; };
		CAE08A3C27EDF0F500FD80B9 /* tile012.png in Resources */ = {isa = PBXBuildFile; fileRef = CAE08A1F27EDF0F500FD80B9 /* tile012.png */; };
		CAE08A3D27EDF0F500FD80B9 /* tile023.png in Resources */ = {isa = PBXBuildFile; fileRef = CAE08A2027EDF0F500FD80B9 /* tile023.png */; };
		CAE08A3E27EDF0F500FD80B9 /* tile022.png in Resources */ = {isa = PBXBuildFile; fileRef = CAE08A2127EDF0F500FD80B9 /* tile022.png */; };
		CAE08A3F27EDF0F500FD80B9 /* tile020.png in Resources */ = {isa = PBXBuildFile; fileRef = CAE08A2227EDF0F500FD80B9 /* tile020.png */; };
		CAE08A4027EDF0F500FD80B9 /* tile021.png in Resources */ = {isa = PBXBuildFile; fileRef = CAE08A2327EDF0F500FD80B9 /* tile021.png */; };
		CAE08A4127EDF0F500FD80B9 /* tile025.png in Resources */ = {isa = PBXBuildFile; fileRef = CAE08A2427EDF0F500FD80B9 /* tile025.png */; };
		CAE08A4227EDF0F500FD80B9 /* tile019.png in Resources */ = {isa = PBXBuildFile; fileRef = CAE08A2527EDF0F500FD80B9 /* tile019.png */; };
		CAE08A4327EDF0F500FD80B9 /* tile018.png in Resources */ = {isa = PBXBuildFile; fileRef = CAE08A2627EDF0F500FD80B9 /* tile018.png */; };
		CAE08A4427EDF0F500FD80B9 /* tile024.png in Resources */ = {isa = PBXBuildFile; fileRef = CAE08A2727EDF0F500FD80B9 /* tile024.png */; };
		CAE08A4527EDF0F500FD80B9 /* tile026.png in Resources */ = {isa = PBXBuildFile; fileRef = CAE08A2827EDF0F500FD80B9 /* tile026.png */; };
		CAE08A4627EDF0F500FD80B9 /* tile027.png in Resources */ = {isa = PBXBuildFile; fileRef = CAE08A2927EDF0F500FD80B9 /* tile027.png */; };
		CAE08A4727EDF0F500FD80B9 /* tile05.png in Resources */ = {isa = PBXBuildFile; fileRef = CAE08A2A27EDF0F500FD80B9 /* tile05.png */; };
		CAE08A4827EDF0F500FD80B9 /* tile04.png in Resources */ = {isa = PBXBuildFile; fileRef = CAE08A2B27EDF0F500FD80B9 /* tile04.png */; };
		CAE08A4927EDF0F500FD80B9 /* tile06.png in Resources */ = {isa = PBXBuildFile; fileRef = CAE08A2C27EDF0F500FD80B9 /* tile06.png */; };
		CAE08A4A27EDF0F500FD80B9 /* tile07.png in Resources */ = {isa = PBXBuildFile; fileRef = CAE08A2D27EDF0F500FD80B9 /* tile07.png */; };
		CAE08A4B27EDF0F500FD80B9 /* tile03.png in Resources */ = {isa = PBXBuildFile; fileRef = CAE08A2E27EDF0F500FD80B9 /* tile03.png */; };
		CAE08A4C27EDF0F500FD80B9 /* tile02.png in Resources */ = {isa = PBXBuildFile; fileRef = CAE08A2F27EDF0F500FD80B9 /* tile02.png */; };
		CAE08A4D27EDF0F500FD80B9 /* tile00.png in Resources */ = {isa = PBXBuildFile; fileRef = CAE08A3027EDF0F500FD80B9 /* tile00.png */; };
		CAE08A4E27EDF0F500FD80B9 /* tile01.png in Resources */ = {isa = PBXBuildFile; fileRef = CAE08A3127EDF0F500FD80B9 /* tile01.png */; };
/* End PBXBuildFile section */

/* Begin PBXFileReference section */
		CAE089FD27EDF07500FD80B9 /* HeartAnimation.app */ = {isa = PBXFileReference; explicitFileType = wrapper.application; includeInIndex = 0; path = HeartAnimation.app; sourceTree = BUILT_PRODUCTS_DIR; };
		CAE08A0027EDF07500FD80B9 /* AppDelegate.swift */ = {isa = PBXFileReference; lastKnownFileType = sourcecode.swift; path = AppDelegate.swift; sourceTree = "<group>"; };
		CAE08A0227EDF07500FD80B9 /* SceneDelegate.swift */ = {isa = PBXFileReference; lastKnownFileType = sourcecode.swift; path = SceneDelegate.swift; sourceTree = "<group>"; };
		CAE08A0427EDF07500FD80B9 /* ViewController.swift */ = {isa = PBXFileReference; lastKnownFileType = sourcecode.swift; path = ViewController.swift; sourceTree = "<group>"; };
		CAE08A0727EDF07500FD80B9 /* Base */ = {isa = PBXFileReference; lastKnownFileType = file.storyboard; name = Base; path = Base.lproj/Main.storyboard; sourceTree = "<group>"; };
		CAE08A0927EDF07800FD80B9 /* Assets.xcassets */ = {isa = PBXFileReference; lastKnownFileType = folder.assetcatalog; path = Assets.xcassets; sourceTree = "<group>"; };
		CAE08A0C27EDF07800FD80B9 /* Base */ = {isa = PBXFileReference; lastKnownFileType = file.storyboard; name = Base; path = Base.lproj/LaunchScreen.storyboard; sourceTree = "<group>"; };
		CAE08A0E27EDF07800FD80B9 /* Info.plist */ = {isa = PBXFileReference; lastKnownFileType = text.plist.xml; path = Info.plist; sourceTree = "<group>"; };
		CAE08A1527EDF0F500FD80B9 /* tile09.png */ = {isa = PBXFileReference; lastKnownFileType = image.png; path = tile09.png; sourceTree = "<group>"; };
		CAE08A1627EDF0F500FD80B9 /* tile08.png */ = {isa = PBXFileReference; lastKnownFileType = image.png; path = tile08.png; sourceTree = "<group>"; };
		CAE08A1727EDF0F500FD80B9 /* tile016.png */ = {isa = PBXFileReference; lastKnownFileType = image.png; path = tile016.png; sourceTree = "<group>"; };
		CAE08A1827EDF0F500FD80B9 /* tile017.png */ = {isa = PBXFileReference; lastKnownFileType = image.png; path = tile017.png; sourceTree = "<group>"; };
		CAE08A1927EDF0F500FD80B9 /* tile015.png */ = {isa = PBXFileReference; lastKnownFileType = image.png; path = tile015.png; sourceTree = "<group>"; };
		CAE08A1A27EDF0F500FD80B9 /* tile014.png */ = {isa = PBXFileReference; lastKnownFileType = image.png; path = tile014.png; sourceTree = "<group>"; };
		CAE08A1B27EDF0F500FD80B9 /* tile028.png */ = {isa = PBXFileReference; lastKnownFileType = image.png; path = tile028.png; sourceTree = "<group>"; };
		CAE08A1C27EDF0F500FD80B9 /* tile010.png */ = {isa = PBXFileReference; lastKnownFileType = image.png; path = tile010.png; sourceTree = "<group>"; };
		CAE08A1D27EDF0F500FD80B9 /* tile011.png */ = {isa = PBXFileReference; lastKnownFileType = image.png; path = tile011.png; sourceTree = "<group>"; };
		CAE08A1E27EDF0F500FD80B9 /* tile013.png */ = {isa = PBXFileReference; lastKnownFileType = image.png; path = tile013.png; sourceTree = "<group>"; };
		CAE08A1F27EDF0F500FD80B9 /* tile012.png */ = {isa = PBXFileReference; lastKnownFileType = image.png; path = tile012.png; sourceTree = "<group>"; };
		CAE08A2027EDF0F500FD80B9 /* tile023.png */ = {isa = PBXFileReference; lastKnownFileType = image.png; path = tile023.png; sourceTree = "<group>"; };
		CAE08A2127EDF0F500FD80B9 /* tile022.png */ = {isa = PBXFileReference; lastKnownFileType = image.png; path = tile022.png; sourceTree = "<group>"; };
		CAE08A2227EDF0F500FD80B9 /* tile020.png */ = {isa = PBXFileReference; lastKnownFileType = image.png; path = tile020.png; sourceTree = "<group>"; };
		CAE08A2327EDF0F500FD80B9 /* tile021.png */ = {isa = PBXFileReference; lastKnownFileType = image.png; path = tile021.png; sourceTree = "<group>"; };
		CAE08A2427EDF0F500FD80B9 /* tile025.png */ = {isa = PBXFileReference; lastKnownFileType = image.png; path = tile025.png; sourceTree = "<group>"; };
		CAE08A2527EDF0F500FD80B9 /* tile019.png */ = {isa = PBXFileReference; lastKnownFileType = image.png; path = tile019.png; sourceTree = "<group>"; };
		CAE08A2627EDF0F500FD80B9 /* tile018.png */ = {isa = PBXFileReference; lastKnownFileType = image.png; path = tile018.png; sourceTree = "<group>"; };
		CAE08A2727EDF0F500FD80B9 /* tile024.png */ = {isa = PBXFileReference; lastKnownFileType = image.png; path = tile024.png; sourceTree = "<group>"; };
		CAE08A2827EDF0F500FD80B9 /* tile026.png */ = {isa = PBXFileReference; lastKnownFileType = image.png; path = tile026.png; sourceTree = "<group>"; };
		CAE08A2927EDF0F500FD80B9 /* tile027.png */ = {isa = PBXFileReference; lastKnownFileType = image.png; path = tile027.png; sourceTree = "<group>"; };
		CAE08A2A27EDF0F500FD80B9 /* tile05.png */ = {isa = PBXFileReference; lastKnownFileType = image.png; path = tile05.png; sourceTree = "<group>"; };
		CAE08A2B27EDF0F500FD80B9 /* tile04.png */ = {isa = PBXFileReference; lastKnownFileType = image.png; path = tile04.png; sourceTree = "<group>"; };
		CAE08A2C27EDF0F500FD80B9 /* tile06.png */ = {isa = PBXFileReference; lastKnownFileType = image.png; path = tile06.png; sourceTree = "<group>"; };
		CAE08A2D27EDF0F500FD80B9 /* tile07.png */ = {isa = PBXFileReference; lastKnownFileType = image.png; path = tile07.png; sourceTree = "<group>"; };
		CAE08A2E27EDF0F500FD80B9 /* tile03.png */ = {isa = PBXFileReference; lastKnownFileType = image.png; path = tile03.png; sourceTree = "<group>"; };
		CAE08A2F27EDF0F500FD80B9 /* tile02.png */ = {isa = PBXFileReference; lastKnownFileType = image.png; path = tile02.png; sourceTree = "<group>"; };
		CAE08A3027EDF0F500FD80B9 /* tile00.png */ = {isa = PBXFileReference; lastKnownFileType = image.png; path = tile00.png; sourceTree = "<group>"; };
		CAE08A3127EDF0F500FD80B9 /* tile01.png */ = {isa = PBXFileReference; lastKnownFileType = image.png; path = tile01.png; sourceTree = "<group>"; };
/* End PBXFileReference section */

/* Begin PBXFrameworksBuildPhase section */
		CAE089FA27EDF07500FD80B9 /* Frameworks */ = {
			isa = PBXFrameworksBuildPhase;
			buildActionMask = 2147483647;
			files = (
			);
			runOnlyForDeploymentPostprocessing = 0;
		};
/* End PBXFrameworksBuildPhase section */

/* Begin PBXGroup section */
		CAE089F427EDF07500FD80B9 = {
			isa = PBXGroup;
			children = (
				CAE089FF27EDF07500FD80B9 /* HeartAnimation */,
				CAE089FE27EDF07500FD80B9 /* Products */,
			);
			sourceTree = "<group>";
		};
		CAE089FE27EDF07500FD80B9 /* Products */ = {
			isa = PBXGroup;
			children = (
				CAE089FD27EDF07500FD80B9 /* HeartAnimation.app */,
			);
			name = Products;
			sourceTree = "<group>";
		};
		CAE089FF27EDF07500FD80B9 /* HeartAnimation */ = {
			isa = PBXGroup;
			children = (
				CAE08A0027EDF07500FD80B9 /* AppDelegate.swift */,
				CAE08A0227EDF07500FD80B9 /* SceneDelegate.swift */,
				CAE08A0427EDF07500FD80B9 /* ViewController.swift */,
				CAE08A0627EDF07500FD80B9 /* Main.storyboard */,
				CAE08A0927EDF07800FD80B9 /* Assets.xcassets */,
				CAE08A1427EDF0F500FD80B9 /* heartsprite */,
				CAE08A0B27EDF07800FD80B9 /* LaunchScreen.storyboard */,
				CAE08A0E27EDF07800FD80B9 /* Info.plist */,
			);
			path = HeartAnimation;
			sourceTree = "<group>";
		};
		CAE08A1427EDF0F500FD80B9 /* heartsprite */ = {
			isa = PBXGroup;
			children = (
				CAE08A1527EDF0F500FD80B9 /* tile09.png */,
				CAE08A1627EDF0F500FD80B9 /* tile08.png */,
				CAE08A1727EDF0F500FD80B9 /* tile016.png */,
				CAE08A1827EDF0F500FD80B9 /* tile017.png */,
				CAE08A1927EDF0F500FD80B9 /* tile015.png */,
				CAE08A1A27EDF0F500FD80B9 /* tile014.png */,
				CAE08A1B27EDF0F500FD80B9 /* tile028.png */,
				CAE08A1C27EDF0F500FD80B9 /* tile010.png */,
				CAE08A1D27EDF0F500FD80B9 /* tile011.png */,
				CAE08A1E27EDF0F500FD80B9 /* tile013.png */,
				CAE08A1F27EDF0F500FD80B9 /* tile012.png */,
				CAE08A2027EDF0F500FD80B9 /* tile023.png */,
				CAE08A2127EDF0F500FD80B9 /* tile022.png */,
				CAE08A2227EDF0F500FD80B9 /* tile020.png */,
				CAE08A2327EDF0F500FD80B9 /* tile021.png */,
				CAE08A2427EDF0F500FD80B9 /* tile025.png */,
				CAE08A2527EDF0F500FD80B9 /* tile019.png */,
				CAE08A2627EDF0F500FD80B9 /* tile018.png */,
				CAE08A2727EDF0F500FD80B9 /* tile024.png */,
				CAE08A2827EDF0F500FD80B9 /* tile026.png */,
				CAE08A2927EDF0F500FD80B9 /* tile027.png */,
				CAE08A2A27EDF0F500FD80B9 /* tile05.png */,
				CAE08A2B27EDF0F500FD80B9 /* tile04.png */,
				CAE08A2C27EDF0F500FD80B9 /* tile06.png */,
				CAE08A2D27EDF0F500FD80B9 /* tile07.png */,
				CAE08A2E27EDF0F500FD80B9 /* tile03.png */,
				CAE08A2F27EDF0F500FD80B9 /* tile02.png */,
				CAE08A3027EDF0F500FD80B9 /* tile00.png */,
				CAE08A3127EDF0F500FD80B9 /* tile01.png */,
			);
			path = heartsprite;
			sourceTree = "<group>";
		};
/* End PBXGroup section */

/* Begin PBXNativeTarget section */
		CAE089FC27EDF07500FD80B9 /* HeartAnimation */ = {
			isa = PBXNativeTarget;
			buildConfigurationList = CAE08A1127EDF07800FD80B9 /* Build configuration list for PBXNativeTarget "HeartAnimation" */;
			buildPhases = (
				CAE089F927EDF07500FD80B9 /* Sources */,
				CAE089FA27EDF07500FD80B9 /* Frameworks */,
				CAE089FB27EDF07500FD80B9 /* Resources */,
			);
			buildRules = (
			);
			dependencies = (
			);
			name = HeartAnimation;
			productName = HeartAnimation;
			productReference = CAE089FD27EDF07500FD80B9 /* HeartAnimation.app */;
			productType = "com.apple.product-type.application";
		};
/* End PBXNativeTarget section */

/* Begin PBXProject section */
		CAE089F527EDF07500FD80B9 /* Project object */ = {
			isa = PBXProject;
			attributes = {
				BuildIndependentTargetsInParallel = 1;
				LastSwiftUpdateCheck = 1310;
				LastUpgradeCheck = 1310;
				TargetAttributes = {
					CAE089FC27EDF07500FD80B9 = {
						CreatedOnToolsVersion = 13.1;
					};
				};
			};
			buildConfigurationList = CAE089F827EDF07500FD80B9 /* Build configuration list for PBXProject "HeartAnimation" */;
			compatibilityVersion = "Xcode 13.0";
			developmentRegion = en;
			hasScannedForEncodings = 0;
			knownRegions = (
				en,
				Base,
			);
			mainGroup = CAE089F427EDF07500FD80B9;
			productRefGroup = CAE089FE27EDF07500FD80B9 /* Products */;
			projectDirPath = "";
			projectRoot = "";
			targets = (
				CAE089FC27EDF07500FD80B9 /* HeartAnimation */,
			);
		};
/* End PBXProject section */

/* Begin PBXResourcesBuildPhase section */
		CAE089FB27EDF07500FD80B9 /* Resources */ = {
			isa = PBXResourcesBuildPhase;
			buildActionMask = 2147483647;
			files = (
				CAE08A4927EDF0F500FD80B9 /* tile06.png in Resources */,
				CAE08A3E27EDF0F500FD80B9 /* tile022.png in Resources */,
				CAE08A3827EDF0F500FD80B9 /* tile028.png in Resources */,
				CAE08A3927EDF0F500FD80B9 /* tile010.png in Resources */,
				CAE08A4D27EDF0F500FD80B9 /* tile00.png in Resources */,
				CAE08A4727EDF0F500FD80B9 /* tile05.png in Resources */,
				CAE08A3A27EDF0F500FD80B9 /* tile011.png in Resources */,
				CAE08A4A27EDF0F500FD80B9 /* tile07.png in Resources */,
				CAE08A4127EDF0F500FD80B9 /* tile025.png in Resources */,
				CAE08A4627EDF0F500FD80B9 /* tile027.png in Resources */,
				CAE08A3C27EDF0F500FD80B9 /* tile012.png in Resources */,
				CAE08A4527EDF0F500FD80B9 /* tile026.png in Resources */,
				CAE08A4E27EDF0F500FD80B9 /* tile01.png in Resources */,
				CAE08A4227EDF0F500FD80B9 /* tile019.png in Resources */,
				CAE08A4027EDF0F500FD80B9 /* tile021.png in Resources */,
				CAE08A4C27EDF0F500FD80B9 /* tile02.png in Resources */,
				CAE08A4B27EDF0F500FD80B9 /* tile03.png in Resources */,
				CAE08A3227EDF0F500FD80B9 /* tile09.png in Resources */,
				CAE08A3D27EDF0F500FD80B9 /* tile023.png in Resources */,
				CAE08A0D27EDF07800FD80B9 /* LaunchScreen.storyboard in Resources */,
				CAE08A3727EDF0F500FD80B9 /* tile014.png in Resources */,
				CAE08A3F27EDF0F500FD80B9 /* tile020.png in Resources */,
				CAE08A3627EDF0F500FD80B9 /* tile015.png in Resources */,
				CAE08A4327EDF0F500FD80B9 /* tile018.png in Resources */,
				CAE08A0A27EDF07800FD80B9 /* Assets.xcassets in Resources */,
				CAE08A3327EDF0F500FD80B9 /* tile08.png in Resources */,
				CAE08A3527EDF0F500FD80B9 /* tile017.png in Resources */,
				CAE08A4427EDF0F500FD80B9 /* tile024.png in Resources */,
				CAE08A0827EDF07500FD80B9 /* Main.storyboard in Resources */,
				CAE08A4827EDF0F500FD80B9 /* tile04.png in Resources */,
				CAE08A3B27EDF0F500FD80B9 /* tile013.png in Resources */,
				CAE08A3427EDF0F500FD80B9 /* tile016.png in Resources */,
			);
			runOnlyForDeploymentPostprocessing = 0;
		};
/* End PBXResourcesBuildPhase section */

/* Begin PBXSourcesBuildPhase section */
		CAE089F927EDF07500FD80B9 /* Sources */ = {
			isa = PBXSourcesBuildPhase;
			buildActionMask = 2147483647;
			files = (
				CAE08A0527EDF07500FD80B9 /* ViewController.swift in Sources */,
				CAE08A0127EDF07500FD80B9 /* AppDelegate.swift in Sources */,
				CAE08A0327EDF07500FD80B9 /* SceneDelegate.swift in Sources */,
			);
			runOnlyForDeploymentPostprocessing = 0;
		};
/* End PBXSourcesBuildPhase section */

/* Begin PBXVariantGroup section */
		CAE08A0627EDF07500FD80B9 /* Main.storyboard */ = {
			isa = PBXVariantGroup;
			children = (
				CAE08A0727EDF07500FD80B9 /* Base */,
			);
			name = Main.storyboard;
			sourceTree = "<group>";
		};
		CAE08A0B27EDF07800FD80B9 /* LaunchScreen.storyboard */ = {
			isa = PBXVariantGroup;
			children = (
				CAE08A0C27EDF07800FD80B9 /* Base */,
			);
			name = LaunchScreen.storyboard;
			sourceTree = "<group>";
		};
/* End PBXVariantGroup section */

/* Begin XCBuildConfiguration section */
		CAE08A0F27EDF07800FD80B9 /* Debug */ = {
			isa = XCBuildConfiguration;
			buildSettings = {
				ALWAYS_SEARCH_USER_PATHS = NO;
				CLANG_ANALYZER_NONNULL = YES;
				CLANG_ANALYZER_NUMBER_OBJECT_CONVERSION = YES_AGGRESSIVE;
				CLANG_CXX_LANGUAGE_STANDARD = "gnu++17";
				CLANG_CXX_LIBRARY = "libc++";
				CLANG_ENABLE_MODULES = YES;
				CLANG_ENABLE_OBJC_ARC = YES;
				CLANG_ENABLE_OBJC_WEAK = YES;
				CLANG_WARN_BLOCK_CAPTURE_AUTORELEASING = YES;
				CLANG_WARN_BOOL_CONVERSION = YES;
				CLANG_WARN_COMMA = YES;
				CLANG_WARN_CONSTANT_CONVERSION = YES;
				CLANG_WARN_DEPRECATED_OBJC_IMPLEMENTATIONS = YES;
				CLANG_WARN_DIRECT_OBJC_ISA_USAGE = YES_ERROR;
				CLANG_WARN_DOCUMENTATION_COMMENTS = YES;
				CLANG_WARN_EMPTY_BODY = YES;
				CLANG_WARN_ENUM_CONVERSION = YES;
				CLANG_WARN_INFINITE_RECURSION = YES;
				CLANG_WARN_INT_CONVERSION = YES;
				CLANG_WARN_NON_LITERAL_NULL_CONVERSION = YES;
				CLANG_WARN_OBJC_IMPLICIT_RETAIN_SELF = YES;
				CLANG_WARN_OBJC_LITERAL_CONVERSION = YES;
				CLANG_WARN_OBJC_ROOT_CLASS = YES_ERROR;
				CLANG_WARN_QUOTED_INCLUDE_IN_FRAMEWORK_HEADER = YES;
				CLANG_WARN_RANGE_LOOP_ANALYSIS = YES;
				CLANG_WARN_STRICT_PROTOTYPES = YES;
				CLANG_WARN_SUSPICIOUS_MOVE = YES;
				CLANG_WARN_UNGUARDED_AVAILABILITY = YES_AGGRESSIVE;
				CLANG_WARN_UNREACHABLE_CODE = YES;
				CLANG_WARN__DUPLICATE_METHOD_MATCH = YES;
				COPY_PHASE_STRIP = NO;
				DEBUG_INFORMATION_FORMAT = dwarf;
				ENABLE_STRICT_OBJC_MSGSEND = YES;
				ENABLE_TESTABILITY = YES;
				GCC_C_LANGUAGE_STANDARD = gnu11;
				GCC_DYNAMIC_NO_PIC = NO;
				GCC_NO_COMMON_BLOCKS = YES;
				GCC_OPTIMIZATION_LEVEL = 0;
				GCC_PREPROCESSOR_DEFINITIONS = (
					"DEBUG=1",
					"$(inherited)",
				);
				GCC_WARN_64_TO_32_BIT_CONVERSION = YES;
				GCC_WARN_ABOUT_RETURN_TYPE = YES_ERROR;
				GCC_WARN_UNDECLARED_SELECTOR = YES;
				GCC_WARN_UNINITIALIZED_AUTOS = YES_AGGRESSIVE;
				GCC_WARN_UNUSED_FUNCTION = YES;
				GCC_WARN_UNUSED_VARIABLE = YES;
				IPHONEOS_DEPLOYMENT_TARGET = 15.0;
				MTL_ENABLE_DEBUG_INFO = INCLUDE_SOURCE;
				MTL_FAST_MATH = YES;
				ONLY_ACTIVE_ARCH = YES;
				SDKROOT = iphoneos;
				SWIFT_ACTIVE_COMPILATION_CONDITIONS = DEBUG;
				SWIFT_OPTIMIZATION_LEVEL = "-Onone";
			};
			name = Debug;
		};
		CAE08A1027EDF07800FD80B9 /* Release */ = {
			isa = XCBuildConfiguration;
			buildSettings = {
				ALWAYS_SEARCH_USER_PATHS = NO;
				CLANG_ANALYZER_NONNULL = YES;
				CLANG_ANALYZER_NUMBER_OBJECT_CONVERSION = YES_AGGRESSIVE;
				CLANG_CXX_LANGUAGE_STANDARD = "gnu++17";
				CLANG_CXX_LIBRARY = "libc++";
				CLANG_ENABLE_MODULES = YES;
				CLANG_ENABLE_OBJC_ARC = YES;
				CLANG_ENABLE_OBJC_WEAK = YES;
				CLANG_WARN_BLOCK_CAPTURE_AUTORELEASING = YES;
				CLANG_WARN_BOOL_CONVERSION = YES;
				CLANG_WARN_COMMA = YES;
				CLANG_WARN_CONSTANT_CONVERSION = YES;
				CLANG_WARN_DEPRECATED_OBJC_IMPLEMENTATIONS = YES;
				CLANG_WARN_DIRECT_OBJC_ISA_USAGE = YES_ERROR;
				CLANG_WARN_DOCUMENTATION_COMMENTS = YES;
				CLANG_WARN_EMPTY_BODY = YES;
				CLANG_WARN_ENUM_CONVERSION = YES;
				CLANG_WARN_INFINITE_RECURSION = YES;
				CLANG_WARN_INT_CONVERSION = YES;
				CLANG_WARN_NON_LITERAL_NULL_CONVERSION = YES;
				CLANG_WARN_OBJC_IMPLICIT_RETAIN_SELF = YES;
				CLANG_WARN_OBJC_LITERAL_CONVERSION = YES;
				CLANG_WARN_OBJC_ROOT_CLASS = YES_ERROR;
				CLANG_WARN_QUOTED_INCLUDE_IN_FRAMEWORK_HEADER = YES;
				CLANG_WARN_RANGE_LOOP_ANALYSIS = YES;
				CLANG_WARN_STRICT_PROTOTYPES = YES;
				CLANG_WARN_SUSPICIOUS_MOVE = YES;
				CLANG_WARN_UNGUARDED_AVAILABILITY = YES_AGGRESSIVE;
				CLANG_WARN_UNREACHABLE_CODE = YES;
				CLANG_WARN__DUPLICATE_METHOD_MATCH = YES;
				COPY_PHASE_STRIP = NO;
				DEBUG_INFORMATION_FORMAT = "dwarf-with-dsym";
				ENABLE_NS_ASSERTIONS = NO;
				ENABLE_STRICT_OBJC_MSGSEND = YES;
				GCC_C_LANGUAGE_STANDARD = gnu11;
				GCC_NO_COMMON_BLOCKS = YES;
				GCC_WARN_64_TO_32_BIT_CONVERSION = YES;
				GCC_WARN_ABOUT_RETURN_TYPE = YES_ERROR;
				GCC_WARN_UNDECLARED_SELECTOR = YES;
				GCC_WARN_UNINITIALIZED_AUTOS = YES_AGGRESSIVE;
				GCC_WARN_UNUSED_FUNCTION = YES;
				GCC_WARN_UNUSED_VARIABLE = YES;
				IPHONEOS_DEPLOYMENT_TARGET = 15.0;
				MTL_ENABLE_DEBUG_INFO = NO;
				MTL_FAST_MATH = YES;
				SDKROOT = iphoneos;
				SWIFT_COMPILATION_MODE = wholemodule;
				SWIFT_OPTIMIZATION_LEVEL = "-O";
				VALIDATE_PRODUCT = YES;
			};
			name = Release;
		};
		CAE08A1227EDF07800FD80B9 /* Debug */ = {
			isa = XCBuildConfiguration;
			buildSettings = {
				ASSETCATALOG_COMPILER_APPICON_NAME = AppIcon;
				ASSETCATALOG_COMPILER_GLOBAL_ACCENT_COLOR_NAME = AccentColor;
				CODE_SIGN_STYLE = Automatic;
				CURRENT_PROJECT_VERSION = 1;
				GENERATE_INFOPLIST_FILE = YES;
				INFOPLIST_FILE = HeartAnimation/Info.plist;
				INFOPLIST_KEY_UIApplicationSupportsIndirectInputEvents = YES;
				INFOPLIST_KEY_UILaunchStoryboardName = LaunchScreen;
				INFOPLIST_KEY_UIMainStoryboardFile = Main;
				INFOPLIST_KEY_UISupportedInterfaceOrientations_iPad = "UIInterfaceOrientationPortrait UIInterfaceOrientationPortraitUpsideDown UIInterfaceOrientationLandscapeLeft UIInterfaceOrientationLandscapeRight";
				INFOPLIST_KEY_UISupportedInterfaceOrientations_iPhone = "UIInterfaceOrientationPortrait UIInterfaceOrientationLandscapeLeft UIInterfaceOrientationLandscapeRight";
				LD_RUNPATH_SEARCH_PATHS = (
					"$(inherited)",
					"@executable_path/Frameworks",
				);
				MARKETING_VERSION = 1.0;
				PRODUCT_BUNDLE_IDENTIFIER = vladyslavvydovskyi.HeartAnimation;
				PRODUCT_NAME = "$(TARGET_NAME)";
				SWIFT_EMIT_LOC_STRINGS = YES;
				SWIFT_VERSION = 5.0;
				TARGETED_DEVICE_FAMILY = "1,2";
			};
			name = Debug;
		};
		CAE08A1327EDF07800FD80B9 /* Release */ = {
			isa = XCBuildConfiguration;
			buildSettings = {
				ASSETCATALOG_COMPILER_APPICON_NAME = AppIcon;
				ASSETCATALOG_COMPILER_GLOBAL_ACCENT_COLOR_NAME = AccentColor;
				CODE_SIGN_STYLE = Automatic;
				CURRENT_PROJECT_VERSION = 1;
				GENERATE_INFOPLIST_FILE = YES;
				INFOPLIST_FILE = HeartAnimation/Info.plist;
				INFOPLIST_KEY_UIApplicationSupportsIndirectInputEvents = YES;
				INFOPLIST_KEY_UILaunchStoryboardName = LaunchScreen;
				INFOPLIST_KEY_UIMainStoryboardFile = Main;
				INFOPLIST_KEY_UISupportedInterfaceOrientations_iPad = "UIInterfaceOrientationPortrait UIInterfaceOrientationPortraitUpsideDown UIInterfaceOrientationLandscapeLeft UIInterfaceOrientationLandscapeRight";
				INFOPLIST_KEY_UISupportedInterfaceOrientations_iPhone = "UIInterfaceOrientationPortrait UIInterfaceOrientationLandscapeLeft UIInterfaceOrientationLandscapeRight";
				LD_RUNPATH_SEARCH_PATHS = (
					"$(inherited)",
					"@executable_path/Frameworks",
				);
				MARKETING_VERSION = 1.0;
				PRODUCT_BUNDLE_IDENTIFIER = vladyslavvydovskyi.HeartAnimation;
				PRODUCT_NAME = "$(TARGET_NAME)";
				SWIFT_EMIT_LOC_STRINGS = YES;
				SWIFT_VERSION = 5.0;
				TARGETED_DEVICE_FAMILY = "1,2";
			};
			name = Release;
		};
/* End XCBuildConfiguration section */

/* Begin XCConfigurationList section */
		CAE089F827EDF07500FD80B9 /* Build configuration list for PBXProject "HeartAnimation" */ = {
			isa = XCConfigurationList;
			buildConfigurations = (
				CAE08A0F27EDF07800FD80B9 /* Debug */,
				CAE08A1027EDF07800FD80B9 /* Release */,
			);
			defaultConfigurationIsVisible = 0;
			defaultConfigurationName = Release;
		};
		CAE08A1127EDF07800FD80B9 /* Build configuration list for PBXNativeTarget "HeartAnimation" */ = {
			isa = XCConfigurationList;
			buildConfigurations = (
				CAE08A1227EDF07800FD80B9 /* Debug */,
				CAE08A1327EDF07800FD80B9 /* Release */,
			);
			defaultConfigurationIsVisible = 0;
			defaultConfigurationName = Release;
		};
/* End XCConfigurationList section */
	};
	rootObject = CAE089F527EDF07500FD80B9 /* Project object */;
}
